{
    "_meta": {
        "hash": {
            "sha256": "9dc79cb59817f58c99ca6c5e8b42d6d300f1a147b73c2d306ab1d0f841367a2f"
        },
        "pipfile-spec": 6,
        "requires": {
            "python_full_version": "3.12.3",
            "python_version": "3.12"
        },
        "sources": [
            {
                "name": "pypi",
                "url": "https://pypi.org/simple",
                "verify_ssl": true
            }
        ]
    },
    "default": {
        "sqlparse": {
            "hashes": [
                "sha256:773dcbf9a5ab44a090f3441e2180efe2560220203dc2f8c0b0fa141e18b505e4",
                "sha256:bb6b4df465655ef332548e24f08e205afc81b9ab86cb1c45657a7ff173a3a00e"
            ],
            "index": "pypi",
            "markers": "python_version >= '3.8'",
            "version": "==0.5.1"
        }
    },
    "develop": {}
}
